
Microsoft Visual Studio Solution File, Format Version 12.00
# Visual Studio Version 17
VisualStudioVersion = 17.1.32414.318
MinimumVisualStudioVersion = 10.0.40219.1
Project("{FAE04EC0-301F-11D3-BF4B-00C04F79EFBC}") = "CodeAlongEmpty", "CodeAlongEmpty.csproj", "{BE424873-3957-4516-8122-15822D069308}"
EndProject
Global
	GlobalSection(SolutionConfigurationPlatforms) = preSolution
		Debug|Any CPU = Debug|Any CPU
		Release|Any CPU = Release|Any CPU
	EndGlobalSection
	GlobalSection(ProjectConfigurationPlatforms) = postSolution
		{BE424873-3957-4516-8122-15822D069308}.Debug|Any CPU.ActiveCfg = Debug|Any CPU
		{BE424873-3957-4516-8122-15822D069308}.Debug|Any CPU.Build.0 = Debug|Any CPU
		{BE424873-3957-4516-8122-15822D069308}.Release|Any CPU.ActiveCfg = Release|Any CPU
		{BE424873-3957-4516-8122-15822D069308}.Release|Any CPU.Build.0 = Release|Any CPU
	EndGlobalSection
	GlobalSection(SolutionProperties) = preSolution
		HideSolutionNode = FALSE
	EndGlobalSection
	GlobalSection(ExtensibilityGlobals) = postSolution
		SolutionGuid = {F17EFD60-30F6-40A5-BCB0-A0A2B7129819}
	EndGlobalSection
EndGlobal
